Microsoft Visual Studio Solution File, Format Version 12.00
# Visual Studio Version 17
VisualStudioVersion = 17.1.32421.90
MinimumVisualStudioVersion = 10.0.40219.1
Project("{9A19103F-16F7-4668-BE54-9A1E7A4F7556}") = "Jackdaw", "src\Jackdaw\Jackdaw.csproj", "{319FFCEF-3009-4E0C-9B81-9EA8A3428C30}"
EndProject
Project("{9A19103F-16F7-4668-BE54-9A1E7A4F7556}") = "Jackdaw.Tests", "src\Jackdaw.Tests\Jackdaw.Tests.csproj", "{78C88E7E-7718-447F-B46A-A12087944EAB}"
EndProject
Project("{9A19103F-16F7-4668-BE54-9A1E7A4F7556}") = "Jackdaw.Cli", "src\Jackdaw.Cli\Jackdaw.Cli.csproj", "{CA6A3E66-8454-4C3C-A7F0-F65718D447FC}"
EndProject
Project("{FAE04EC0-301F-11D3-BF4B-00C04F79EFBC}") = "Jackdaw.Protocol.Server.Cli", "src\Jackdaw.Protocol.Server.Cli\Jackdaw.Protocol.Server.Cli.csproj", "{A8986198-D51E-4013-AEB0-D3DD4AF6729E}"
EndProject
Project("{FAE04EC0-301F-11D3-BF4B-00C04F79EFBC}") = "Jackdaw.Protocol.Client.Cli", "src\Jackdaw.Protocol.Client.Cli\Jackdaw.Protocol.Client.Cli.csproj", "{21F982BA-5A06-48F3-9B38-D23C76F673D7}"
EndProject
Global
	GlobalSection(SolutionConfigurationPlatforms) = preSolution
		Debug|Any CPU = Debug|Any CPU
		Release|Any CPU = Release|Any CPU
	EndGlobalSection
	GlobalSection(ProjectConfigurationPlatforms) = postSolution
		{319FFCEF-3009-4E0C-9B81-9EA8A3428C30}.Debug|Any CPU.ActiveCfg = Debug|Any CPU
		{319FFCEF-3009-4E0C-9B81-9EA8A3428C30}.Debug|Any CPU.Build.0 = Debug|Any CPU
		{319FFCEF-3009-4E0C-9B81-9EA8A3428C30}.Release|Any CPU.ActiveCfg = Release|Any CPU
		{319FFCEF-3009-4E0C-9B81-9EA8A3428C30}.Release|Any CPU.Build.0 = Release|Any CPU
		{78C88E7E-7718-447F-B46A-A12087944EAB}.Debug|Any CPU.ActiveCfg = Debug|Any CPU
		{78C88E7E-7718-447F-B46A-A12087944EAB}.Debug|Any CPU.Build.0 = Debug|Any CPU
		{78C88E7E-7718-447F-B46A-A12087944EAB}.Release|Any CPU.ActiveCfg = Release|Any CPU
		{78C88E7E-7718-447F-B46A-A12087944EAB}.Release|Any CPU.Build.0 = Release|Any CPU
		{CA6A3E66-8454-4C3C-A7F0-F65718D447FC}.Debug|Any CPU.ActiveCfg = Debug|Any CPU
		{CA6A3E66-8454-4C3C-A7F0-F65718D447FC}.Debug|Any CPU.Build.0 = Debug|Any CPU
		{CA6A3E66-8454-4C3C-A7F0-F65718D447FC}.Release|Any CPU.ActiveCfg = Release|Any CPU
		{CA6A3E66-8454-4C3C-A7F0-F65718D447FC}.Release|Any CPU.Build.0 = Release|Any CPU
		{A8986198-D51E-4013-AEB0-D3DD4AF6729E}.Debug|Any CPU.ActiveCfg = Debug|Any CPU
		{A8986198-D51E-4013-AEB0-D3DD4AF6729E}.Debug|Any CPU.Build.0 = Debug|Any CPU
		{A8986198-D51E-4013-AEB0-D3DD4AF6729E}.Release|Any CPU.ActiveCfg = Release|Any CPU
		{A8986198-D51E-4013-AEB0-D3DD4AF6729E}.Release|Any CPU.Build.0 = Release|Any CPU
		{21F982BA-5A06-48F3-9B38-D23C76F673D7}.Debug|Any CPU.ActiveCfg = Debug|Any CPU
		{21F982BA-5A06-48F3-9B38-D23C76F673D7}.Debug|Any CPU.Build.0 = Debug|Any CPU
		{21F982BA-5A06-48F3-9B38-D23C76F673D7}.Release|Any CPU.ActiveCfg = Release|Any CPU
		{21F982BA-5A06-48F3-9B38-D23C76F673D7}.Release|Any CPU.Build.0 = Release|Any CPU
	EndGlobalSection
	GlobalSection(SolutionProperties) = preSolution
		HideSolutionNode = FALSE
	EndGlobalSection
	GlobalSection(ExtensibilityGlobals) = postSolution
		SolutionGuid = {02394DFD-3A6D-4119-8040-CE84F5E0A938}
	EndGlobalSection
EndGlobal
